
Microsoft Visual Studio Solution File, Format Version 12.00
# Visual Studio Version 16
VisualStudioVersion = 16.0.31005.135
MinimumVisualStudioVersion = 10.0.40219.1
Project("{FAE04EC0-301F-11D3-BF4B-00C04F79EFBC}") = "evaluare", "evaluare.csproj", "{E2189017-2F4E-4745-B12C-FB69479B67A7}"
EndProject
Global
	GlobalSection(SolutionConfigurationPlatforms) = preSolution
		Debug|Any CPU = Debug|Any CPU
		Release|Any CPU = Release|Any CPU
	EndGlobalSection
	GlobalSection(ProjectConfigurationPlatforms) = postSolution
		{E2189017-2F4E-4745-B12C-FB69479B67A7}.Debug|Any CPU.ActiveCfg = Debug|Any CPU
		{E2189017-2F4E-4745-B12C-FB69479B67A7}.Debug|Any CPU.Build.0 = Debug|Any CPU
		{E2189017-2F4E-4745-B12C-FB69479B67A7}.Release|Any CPU.ActiveCfg = Release|Any CPU
		{E2189017-2F4E-4745-B12C-FB69479B67A7}.Release|Any CPU.Build.0 = Release|Any CPU
	EndGlobalSection
	GlobalSection(SolutionProperties) = preSolution
		HideSolutionNode = FALSE
	EndGlobalSection
	GlobalSection(ExtensibilityGlobals) = postSolution
		SolutionGuid = {A61E6423-D306-4FB3-9169-77A8F14751A3}
	EndGlobalSection
EndGlobal
