
Microsoft Visual Studio Solution File, Format Version 12.00
# Visual Studio Version 16
VisualStudioVersion = 16.0.31005.135
MinimumVisualStudioVersion = 10.0.40219.1
Project("{FAE04EC0-301F-11D3-BF4B-00C04F79EFBC}") = "ConsoleApp1", "ConsoleApp1\ConsoleApp1.csproj", "{AFA80304-9105-41F9-B478-BAE31283B87F}"
EndProject
Global
	GlobalSection(SolutionConfigurationPlatforms) = preSolution
		Debug|Any CPU = Debug|Any CPU
		Release|Any CPU = Release|Any CPU
	EndGlobalSection
	GlobalSection(ProjectConfigurationPlatforms) = postSolution
		{AFA80304-9105-41F9-B478-BAE31283B87F}.Debug|Any CPU.ActiveCfg = Debug|Any CPU
		{AFA80304-9105-41F9-B478-BAE31283B87F}.Debug|Any CPU.Build.0 = Debug|Any CPU
		{AFA80304-9105-41F9-B478-BAE31283B87F}.Release|Any CPU.ActiveCfg = Release|Any CPU
		{AFA80304-9105-41F9-B478-BAE31283B87F}.Release|Any CPU.Build.0 = Release|Any CPU
	EndGlobalSection
	GlobalSection(SolutionProperties) = preSolution
		HideSolutionNode = FALSE
	EndGlobalSection
	GlobalSection(ExtensibilityGlobals) = postSolution
		SolutionGuid = {FDB39A57-FE61-4CBD-9775-83EC0947C870}
	EndGlobalSection
EndGlobal
