
Microsoft Visual Studio Solution File, Format Version 12.00
# Visual Studio Version 16
VisualStudioVersion = 16.0.31005.135
MinimumVisualStudioVersion = 10.0.40219.1
Project("{FAE04EC0-301F-11D3-BF4B-00C04F79EFBC}") = "ev", "ev\ev.csproj", "{90A257CB-4C59-45B9-83EB-FC1B970B5896}"
EndProject
Global
	GlobalSection(SolutionConfigurationPlatforms) = preSolution
		Debug|Any CPU = Debug|Any CPU
		Release|Any CPU = Release|Any CPU
	EndGlobalSection
	GlobalSection(ProjectConfigurationPlatforms) = postSolution
		{90A257CB-4C59-45B9-83EB-FC1B970B5896}.Debug|Any CPU.ActiveCfg = Debug|Any CPU
		{90A257CB-4C59-45B9-83EB-FC1B970B5896}.Debug|Any CPU.Build.0 = Debug|Any CPU
		{90A257CB-4C59-45B9-83EB-FC1B970B5896}.Release|Any CPU.ActiveCfg = Release|Any CPU
		{90A257CB-4C59-45B9-83EB-FC1B970B5896}.Release|Any CPU.Build.0 = Release|Any CPU
	EndGlobalSection
	GlobalSection(SolutionProperties) = preSolution
		HideSolutionNode = FALSE
	EndGlobalSection
	GlobalSection(ExtensibilityGlobals) = postSolution
		SolutionGuid = {3150D0C6-C82D-4324-997F-18853B225227}
	EndGlobalSection
EndGlobal
